
Microsoft Visual Studio Solution File, Format Version 12.00
# Visual Studio Version 17
VisualStudioVersion = 17.10.34928.147
MinimumVisualStudioVersion = 10.0.40219.1
Project("{FAE04EC0-301F-11D3-BF4B-00C04F79EFBC}") = "Prog1_csharp_Jueves_tarea3_JuanEliezerSanchez_20231219", "tarea3\Prog1_csharp_Jueves_tarea3_JuanEliezerSanchez_20231219.csproj", "{0666666D-DC19-4647-9CEA-0D312EEC6209}"
EndProject
Global
	GlobalSection(SolutionConfigurationPlatforms) = preSolution
		Debug|Any CPU = Debug|Any CPU
		Release|Any CPU = Release|Any CPU
	EndGlobalSection
	GlobalSection(ProjectConfigurationPlatforms) = postSolution
		{0666666D-DC19-4647-9CEA-0D312EEC6209}.Debug|Any CPU.ActiveCfg = Debug|Any CPU
		{0666666D-DC19-4647-9CEA-0D312EEC6209}.Debug|Any CPU.Build.0 = Debug|Any CPU
		{0666666D-DC19-4647-9CEA-0D312EEC6209}.Release|Any CPU.ActiveCfg = Release|Any CPU
		{0666666D-DC19-4647-9CEA-0D312EEC6209}.Release|Any CPU.Build.0 = Release|Any CPU
	EndGlobalSection
	GlobalSection(SolutionProperties) = preSolution
		HideSolutionNode = FALSE
	EndGlobalSection
	GlobalSection(ExtensibilityGlobals) = postSolution
		SolutionGuid = {C652BEC3-5636-45A8-9972-AFD9C528B795}
	EndGlobalSection
EndGlobal
